{
  "name": "ply-exporter",
  "version": "1.0.2",
  "lockfileVersion": 1,
  "requires": true,
  "dependencies": {
    "three": {
      "version": "0.90.0",
      "resolved": "https://registry.npmjs.org/three/-/three-0.90.0.tgz",
      "integrity": "sha1-vkeOfA+Cxa50LBl9seOOWLYZDRs=",
      "dev": true
    }
  }
}
