{
  "name": "ply-exporter",
  "version": "1.1.1",
  "lockfileVersion": 1,
  "requires": true,
  "dependencies": {
    "eslint-config-mdcs": {
      "version": "4.2.3",
      "resolved": "https://registry.npmjs.org/eslint-config-mdcs/-/eslint-config-mdcs-4.2.3.tgz",
      "integrity": "sha512-pSiX8roIR7KVZeKBrzQUiRAr2jxLn0H8WUHHCgq2TdoVGSLk/GRNeB78WG1IZnTwENgtSgDtMXq7/UVDBXls+Q==",
      "dev": true
    },
    "three": {
      "version": "0.90.0",
      "resolved": "https://registry.npmjs.org/three/-/three-0.90.0.tgz",
      "integrity": "sha1-vkeOfA+Cxa50LBl9seOOWLYZDRs=",
      "dev": true
    }
  }
}
